
Microsoft Visual Studio Solution File, Format Version 12.00
# Visual Studio Version 17
VisualStudioVersion = 17.2.32516.85
MinimumVisualStudioVersion = 10.0.40219.1
Project("{FAE04EC0-301F-11D3-BF4B-00C04F79EFBC}") = "HotelListing.API", "HotelListing.API\HotelListing.API.csproj", "{CA1FD75E-1879-4947-884A-316BE885F9EB}"
EndProject
Global
	GlobalSection(SolutionConfigurationPlatforms) = preSolution
		Debug|Any CPU = Debug|Any CPU
		Release|Any CPU = Release|Any CPU
	EndGlobalSection
	GlobalSection(ProjectConfigurationPlatforms) = postSolution
		{CA1FD75E-1879-4947-884A-316BE885F9EB}.Debug|Any CPU.ActiveCfg = Debug|Any CPU
		{CA1FD75E-1879-4947-884A-316BE885F9EB}.Debug|Any CPU.Build.0 = Debug|Any CPU
		{CA1FD75E-1879-4947-884A-316BE885F9EB}.Release|Any CPU.ActiveCfg = Release|Any CPU
		{CA1FD75E-1879-4947-884A-316BE885F9EB}.Release|Any CPU.Build.0 = Release|Any CPU
	EndGlobalSection
	GlobalSection(SolutionProperties) = preSolution
		HideSolutionNode = FALSE
	EndGlobalSection
	GlobalSection(ExtensibilityGlobals) = postSolution
		SolutionGuid = {48C7F1FD-281E-4F5B-AC71-E9935E30EEA0}
	EndGlobalSection
EndGlobal
